# @generated - this file is auto-generated by `mise lock` https://mise.jdx.dev/dev-tools/mise-lock.html

[[tools.codex]]
version = "0.160.0"
backend = "aqua:openai/codex"

[tools.codex."platforms.macos-arm64"]
checksum = "sha256:007df41b607dbbc8d204b9746ce7fed2d4ce6c813f44c32ceee54175ca796525"
url = "https://github.com/openai/codex/releases/download/rust-v0.160.0/codex-package-aarch64-apple-darwin.tar.gz"
url_api = "https://api.github.com/repos/openai/codex/releases/assets/604060802"

[tools.codex."platforms.macos-x64"]
checksum = "sha256:4d50514b2d8acd81ca8cfee55b667b3dc4f7681b65bf3299ff06b11a064f8861"
url = "https://github.com/openai/codex/releases/download/rust-v0.160.0/codex-package-x86_64-apple-darwin.tar.gz"
url_api = "https://api.github.com/repos/openai/codex/releases/assets/604052366"

[[tools.node]]
version = "24.19.0"
backend = "core:node"

[tools.node."platforms.macos-arm64"]
checksum = "sha256:8294b7aa9b03997481c06babf1e8b270c859358f27da57a11509afe537ac381d"
url = "https://nodejs.org/dist/v24.19.0/node-v24.19.0-darwin-arm64.tar.gz"

[tools.node."platforms.macos-x64"]
checksum = "sha256:d1b5e999db158c62fe8f7267a4476b035d8bd93b1a605bac24a3f0dd166e3316"
url = "https://nodejs.org/dist/v24.19.0/node-v24.19.0-darwin-x64.tar.gz"

[[tools."npm:@google/gemini-cli"]]
version = "0.62.0"
backend = "npm:@google/gemini-cli"

[[tools.opencode]]
version = "1.18.34"
backend = "aqua:anomalyco/opencode"

[tools.opencode."platforms.macos-arm64"]
checksum = "sha256:8522b70f545184b3a8d97c5ca4f814093b2476d72aebfda8c48bcd072ec31d1b"
url = "https://github.com/anomalyco/opencode/releases/download/v1.18.34/opencode-darwin-arm64.zip"
url_api = "https://api.github.com/repos/anomalyco/opencode/releases/assets/601909071"

[tools.opencode."platforms.macos-x64"]
checksum = "sha256:66bf0638cffad3b65bd6648cc3947619e1dd71f4bfeee0a81e087ac036bb1088"
url = "https://github.com/anomalyco/opencode/releases/download/v1.18.34/opencode-darwin-x64.zip"
url_api = "https://api.github.com/repos/anomalyco/opencode/releases/assets/601909069"
